{
  "version": 4,
  "terraform_version": "1.2.5",
  "serial": 5,
  "lineage": "58a5c194-f075-e294-9737-611a52c2b871",
  "outputs": {
    "container_service_domain": {
      "value": "https://my-container-service-1.dk81d6so97jss.eu-west-1.cs.amazonlightsail.com/",
      "type": "string"
    },
    "database_endpoint": {
      "value": "ls-f104537a5cb8c87910ca1271d51da3be676719bd.cypmiwvcebi0.eu-west-1.rds.amazonaws.com",
      "type": "string"
    },
    "public_ip": {
      "value": "54.75.105.126",
      "type": "string"
    }
  },
  "resources": [
    {
      "mode": "managed",
      "type": "aws_lightsail_static_ip",
      "name": "my_static_ip",
      "provider": "provider[\"registry.terraform.io/hashicorp/aws\"]",
      "instances": [
        {
          "schema_version": 0,
          "attributes": {
            "arn": "arn:aws:lightsail:eu-west-1:280690941252:StaticIp/53f74c7c-4dd1-4a01-8ce2-9cb7f6dea5f7",
            "id": "my-static-ip-1",
            "ip_address": "54.75.105.126",
            "name": "my-static-ip-1",
            "support_code": "070027321016/54.75.105.126"
          },
          "sensitive_attributes": [],
          "private": "bnVsbA=="
        }
      ]
    },
    {
      "mode": "managed",
      "type": "aws_lightsail_static_ip_attachment",
      "name": "my_static_ip_attachment",
      "provider": "provider[\"registry.terraform.io/hashicorp/aws\"]",
      "instances": []
    },
    {
      "mode": "managed",
      "type": "awslightsail_container_service",
      "name": "my_container_service",
      "provider": "provider[\"registry.terraform.io/deyoungtech/awslightsail\"]",
      "instances": [
        {
          "schema_version": 0,
          "attributes": {
            "arn": "arn:aws:lightsail:eu-west-1:280690941252:ContainerService/da8c4b3e-4c17-4271-aecc-1a36ad4c63ed",
            "availability_zone": "all",
            "id": "my-container-service-1",
            "is_disabled": false,
            "name": "my-container-service-1",
            "power": "nano",
            "power_id": "nano-1",
            "principal_arn": "arn:aws:iam::070027321016:role/amazon/lightsail/eu-west-1/containers/my-container-service-1/muua8f6nmm8p42q857bsfvv9kckp2pd9gd3og26796uh7cuv2sdg",
            "private_domain_name": "my-container-service-1.service.local",
            "resource_type": "ContainerService",
            "scale": 2,
            "state": "READY",
            "tags": null,
            "tags_all": {},
            "url": "https://my-container-service-1.dk81d6so97jss.eu-west-1.cs.amazonlightsail.com/"
          },
          "sensitive_attributes": [],
          "private": "bnVsbA=="
        }
      ]
    },
    {
      "mode": "managed",
      "type": "awslightsail_database",
      "name": "my_db",
      "provider": "provider[\"registry.terraform.io/deyoungtech/awslightsail\"]",
      "instances": [
        {
          "schema_version": 0,
          "attributes": {
            "apply_immediately": null,
            "arn": "arn:aws:lightsail:eu-west-1:280690941252:RelationalDatabase/c7832c75-0a4e-4aa7-a871-0e090261a15d",
            "availability_zone": "eu-west-1a",
            "backup_retention_enabled": true,
            "blueprint_id": "mysql_8_0",
            "bundle_id": "micro_1_0",
            "ca_certificate_identifier": "rds-ca-2019",
            "cpu_count": 1,
            "created_at": "2023-10-15T14:08:15Z",
            "disk_size": 40,
            "engine": "mysql",
            "engine_version": "8.0.34",
            "final_snapshot_name": null,
            "id": "my-db-1",
            "master_database_name": "mydatabase",
            "master_endpoint_address": "ls-f104537a5cb8c87910ca1271d51da3be676719bd.cypmiwvcebi0.eu-west-1.rds.amazonaws.com",
            "master_endpoint_port": 3306,
            "master_password": "mypassword123!",
            "master_username": "myusername",
            "name": "my-db-1",
            "preferred_backup_window": "05:21-05:51",
            "preferred_maintenance_window": "mon:03:59-mon:04:29",
            "publicly_accessible": false,
            "ram_size": 1,
            "secondary_availability_zone": "",
            "skip_final_snapshot": false,
            "support_code": "070027321016/ls-f104537a5cb8c87910ca1271d51da3be676719bd",
            "tags": null,
            "tags_all": {}
          },
          "sensitive_attributes": [],
          "private": "bnVsbA=="
        }
      ]
    }
  ]
}
